
Microsoft Visual Studio Solution File, Format Version 12.00
# Visual Studio Version 17
VisualStudioVersion = 17.7.34024.191
MinimumVisualStudioVersion = 10.0.40219.1
Project("{FAE04EC0-301F-11D3-BF4B-00C04F79EFBC}") = "liear", "liear\liear.csproj", "{8599CF4F-AD91-4725-A494-E6B810921627}"
EndProject
Global
	GlobalSection(SolutionConfigurationPlatforms) = preSolution
		Debug|Any CPU = Debug|Any CPU
		Release|Any CPU = Release|Any CPU
	EndGlobalSection
	GlobalSection(ProjectConfigurationPlatforms) = postSolution
		{8599CF4F-AD91-4725-A494-E6B810921627}.Debug|Any CPU.ActiveCfg = Debug|Any CPU
		{8599CF4F-AD91-4725-A494-E6B810921627}.Debug|Any CPU.Build.0 = Debug|Any CPU
		{8599CF4F-AD91-4725-A494-E6B810921627}.Release|Any CPU.ActiveCfg = Release|Any CPU
		{8599CF4F-AD91-4725-A494-E6B810921627}.Release|Any CPU.Build.0 = Release|Any CPU
	EndGlobalSection
	GlobalSection(SolutionProperties) = preSolution
		HideSolutionNode = FALSE
	EndGlobalSection
	GlobalSection(ExtensibilityGlobals) = postSolution
		SolutionGuid = {84F6A029-99EF-44F0-A866-069C9015DB4E}
	EndGlobalSection
EndGlobal
